// !$*UTF8*$!
{
	archiveVersion = 1;
	classes = {
	};
	objectVersion = 46;
	objects = {

/* Begin PBXBuildFile section */
		3E1C8F4E1E705C2D00832E33 /* UIView+Constraints.swift in Sources */ = {isa = PBXBuildFile; fileRef = 3E1C8F4D1E705C2D00832E33 /* UIView+Constraints.swift */; };
		3E57B9FA1E70163F004A4CD3 /* AppDelegate.swift in Sources */ = {isa = PBXBuildFile; fileRef = 3E57B9F91E70163F004A4CD3 /* AppDelegate.swift */; };
		3E57BA011E70163F004A4CD3 /* Assets.xcassets in Resources */ = {isa = PBXBuildFile; fileRef = 3E57BA001E70163F004A4CD3 /* Assets.xcassets */; };
		3E57BA041E70163F004A4CD3 /* LaunchScreen.storyboard in Resources */ = {isa = PBXBuildFile; fileRef = 3E57BA021E70163F004A4CD3 /* LaunchScreen.storyboard */; };
		3E57BA121E7021F1004A4CD3 /* Constants.swift in Sources */ = {isa = PBXBuildFile; fileRef = 3E57BA111E7021F1004A4CD3 /* Constants.swift */; };
		3E57FD931E70794D00F9BA8A /* TvShow.swift in Sources */ = {isa = PBXBuildFile; fileRef = 3E57FD921E70794D00F9BA8A /* TvShow.swift */; };
		3EACB1431E71477E00C5AFA9 /* ScheduleViewController.swift in Sources */ = {isa = PBXBuildFile; fileRef = 3EACB1421E71477E00C5AFA9 /* ScheduleViewController.swift */; };
		3EACB1471E71591800C5AFA9 /* FeedItemsDataSource.swift in Sources */ = {isa = PBXBuildFile; fileRef = 3EACB1441E71591800C5AFA9 /* FeedItemsDataSource.swift */; };
		3EACB1481E71591800C5AFA9 /* FeedViewController.swift in Sources */ = {isa = PBXBuildFile; fileRef = 3EACB1451E71591800C5AFA9 /* FeedViewController.swift */; };
		3EACB1491E71591800C5AFA9 /* ItemTableViewCell.swift in Sources */ = {isa = PBXBuildFile; fileRef = 3EACB1461E71591800C5AFA9 /* ItemTableViewCell.swift */; };
		3EC214F91E71468200433E9D /* FavoritesViewController.swift in Sources */ = {isa = PBXBuildFile; fileRef = 3EC214F81E71468200433E9D /* FavoritesViewController.swift */; };
		B1D19BA7B002D15E4E58165D /* Pods_TvTime.framework in Frameworks */ = {isa = PBXBuildFile; fileRef = 8A8AE6B250F9E93928F74FBF /* Pods_TvTime.framework */; };
/* End PBXBuildFile section */

/* Begin PBXFileReference section */
		3B1961EEFBC12401BDB4BBE4 /* Pods-TvTime.debug.xcconfig */ = {isa = PBXFileReference; includeInIndex = 1; lastKnownFileType = text.xcconfig; name = "Pods-TvTime.debug.xcconfig"; path = "Pods/Target Support Files/Pods-TvTime/Pods-TvTime.debug.xcconfig"; sourceTree = "<group>"; };
		3E1C8F4D1E705C2D00832E33 /* UIView+Constraints.swift */ = {isa = PBXFileReference; fileEncoding = 4; lastKnownFileType = sourcecode.swift; name = "UIView+Constraints.swift"; path = "Helpers/UIView+Constraints.swift"; sourceTree = "<group>"; };
		3E57B9F61E70163F004A4CD3 /* TvTime.app */ = {isa = PBXFileReference; explicitFileType = wrapper.application; includeInIndex = 0; path = TvTime.app; sourceTree = BUILT_PRODUCTS_DIR; };
		3E57B9F91E70163F004A4CD3 /* AppDelegate.swift */ = {isa = PBXFileReference; lastKnownFileType = sourcecode.swift; path = AppDelegate.swift; sourceTree = "<group>"; };
		3E57BA001E70163F004A4CD3 /* Assets.xcassets */ = {isa = PBXFileReference; lastKnownFileType = folder.assetcatalog; path = Assets.xcassets; sourceTree = "<group>"; };
		3E57BA031E70163F004A4CD3 /* Base */ = {isa = PBXFileReference; lastKnownFileType = file.storyboard; name = Base; path = Base.lproj/LaunchScreen.storyboard; sourceTree = "<group>"; };
		3E57BA051E70163F004A4CD3 /* Info.plist */ = {isa = PBXFileReference; lastKnownFileType = text.plist.xml; path = Info.plist; sourceTree = "<group>"; };
		3E57BA111E7021F1004A4CD3 /* Constants.swift */ = {isa = PBXFileReference; fileEncoding = 4; lastKnownFileType = sourcecode.swift; name = Constants.swift; path = Helpers/Constants.swift; sourceTree = "<group>"; };
		3E57FD921E70794D00F9BA8A /* TvShow.swift */ = {isa = PBXFileReference; fileEncoding = 4; lastKnownFileType = sourcecode.swift; name = TvShow.swift; path = Models/TvShow.swift; sourceTree = "<group>"; };
		3EACB1421E71477E00C5AFA9 /* ScheduleViewController.swift */ = {isa = PBXFileReference; fileEncoding = 4; lastKnownFileType = sourcecode.swift; name = ScheduleViewController.swift; path = ScheduleViewController/ScheduleViewController.swift; sourceTree = "<group>"; };
		3EACB1441E71591800C5AFA9 /* FeedItemsDataSource.swift */ = {isa = PBXFileReference; fileEncoding = 4; lastKnownFileType = sourcecode.swift; name = FeedItemsDataSource.swift; path = FeedViewController/FeedItemsDataSource.swift; sourceTree = "<group>"; };
		3EACB1451E71591800C5AFA9 /* FeedViewController.swift */ = {isa = PBXFileReference; fileEncoding = 4; lastKnownFileType = sourcecode.swift; name = FeedViewController.swift; path = FeedViewController/FeedViewController.swift; sourceTree = "<group>"; };
		3EACB1461E71591800C5AFA9 /* ItemTableViewCell.swift */ = {isa = PBXFileReference; fileEncoding = 4; lastKnownFileType = sourcecode.swift; name = ItemTableViewCell.swift; path = FeedViewController/ItemTableViewCell.swift; sourceTree = "<group>"; };
		3EC214F81E71468200433E9D /* FavoritesViewController.swift */ = {isa = PBXFileReference; fileEncoding = 4; lastKnownFileType = sourcecode.swift; name = FavoritesViewController.swift; path = FavoritesViewController/FavoritesViewController.swift; sourceTree = "<group>"; };
		8A8AE6B250F9E93928F74FBF /* Pods_TvTime.framework */ = {isa = PBXFileReference; explicitFileType = wrapper.framework; includeInIndex = 0; path = Pods_TvTime.framework; sourceTree = BUILT_PRODUCTS_DIR; };
		B388DDCFB2277A2726D63F29 /* Pods-TvTime.release.xcconfig */ = {isa = PBXFileReference; includeInIndex = 1; lastKnownFileType = text.xcconfig; name = "Pods-TvTime.release.xcconfig"; path = "Pods/Target Support Files/Pods-TvTime/Pods-TvTime.release.xcconfig"; sourceTree = "<group>"; };
/* End PBXFileReference section */

/* Begin PBXFrameworksBuildPhase section */
		3E57B9F31E70163F004A4CD3 /* Frameworks */ = {
			isa = PBXFrameworksBuildPhase;
			buildActionMask = 2147483647;
			files = (
				B1D19BA7B002D15E4E58165D /* Pods_TvTime.framework in Frameworks */,
			);
			runOnlyForDeploymentPostprocessing = 0;
		};
/* End PBXFrameworksBuildPhase section */

/* Begin PBXGroup section */
		1249E6D2E174DCF63AAFEAFD /* Frameworks */ = {
			isa = PBXGroup;
			children = (
				8A8AE6B250F9E93928F74FBF /* Pods_TvTime.framework */,
			);
			name = Frameworks;
			sourceTree = "<group>";
		};
		3E57B9ED1E70163F004A4CD3 = {
			isa = PBXGroup;
			children = (
				3E57B9F81E70163F004A4CD3 /* TvTime */,
				3E57B9F71E70163F004A4CD3 /* Products */,
				7CE739C1C9FB698F91B4A138 /* Pods */,
				1249E6D2E174DCF63AAFEAFD /* Frameworks */,
			);
			sourceTree = "<group>";
		};
		3E57B9F71E70163F004A4CD3 /* Products */ = {
			isa = PBXGroup;
			children = (
				3E57B9F61E70163F004A4CD3 /* TvTime.app */,
			);
			name = Products;
			sourceTree = "<group>";
		};
		3E57B9F81E70163F004A4CD3 /* TvTime */ = {
			isa = PBXGroup;
			children = (
				3E57BA0E1E7016C7004A4CD3 /* Helpers */,
				3E57BA0C1E7016B8004A4CD3 /* Models */,
				3EACB1411E71476700C5AFA9 /* ScheduleViewController */,
				3EC214F61E71462E00433E9D /* FavoritesViewController */,
				3E57BA131E7027AB004A4CD3 /* FeedViewController */,
				3E57B9F91E70163F004A4CD3 /* AppDelegate.swift */,
				3E57BA001E70163F004A4CD3 /* Assets.xcassets */,
				3E57BA021E70163F004A4CD3 /* LaunchScreen.storyboard */,
				3E57BA051E70163F004A4CD3 /* Info.plist */,
			);
			path = TvTime;
			sourceTree = "<group>";
		};
		3E57BA0C1E7016B8004A4CD3 /* Models */ = {
			isa = PBXGroup;
			children = (
				3E57FD921E70794D00F9BA8A /* TvShow.swift */,
			);
			name = Models;
			sourceTree = "<group>";
		};
		3E57BA0E1E7016C7004A4CD3 /* Helpers */ = {
			isa = PBXGroup;
			children = (
				3E57BA111E7021F1004A4CD3 /* Constants.swift */,
				3E1C8F4D1E705C2D00832E33 /* UIView+Constraints.swift */,
			);
			name = Helpers;
			sourceTree = "<group>";
		};
		3E57BA131E7027AB004A4CD3 /* FeedViewController */ = {
			isa = PBXGroup;
			children = (
				3EACB1441E71591800C5AFA9 /* FeedItemsDataSource.swift */,
				3EACB1451E71591800C5AFA9 /* FeedViewController.swift */,
				3EACB1461E71591800C5AFA9 /* ItemTableViewCell.swift */,
			);
			name = FeedViewController;
			sourceTree = "<group>";
		};
		3EACB1411E71476700C5AFA9 /* ScheduleViewController */ = {
			isa = PBXGroup;
			children = (
				3EACB1421E71477E00C5AFA9 /* ScheduleViewController.swift */,
			);
			name = ScheduleViewController;
			sourceTree = "<group>";
		};
		3EC214F61E71462E00433E9D /* FavoritesViewController */ = {
			isa = PBXGroup;
			children = (
				3EC214F81E71468200433E9D /* FavoritesViewController.swift */,
			);
			name = FavoritesViewController;
			sourceTree = "<group>";
		};
		7CE739C1C9FB698F91B4A138 /* Pods */ = {
			isa = PBXGroup;
			children = (
				3B1961EEFBC12401BDB4BBE4 /* Pods-TvTime.debug.xcconfig */,
				B388DDCFB2277A2726D63F29 /* Pods-TvTime.release.xcconfig */,
			);
			name = Pods;
			sourceTree = "<group>";
		};
/* End PBXGroup section */

/* Begin PBXNativeTarget section */
		3E57B9F51E70163F004A4CD3 /* TvTime */ = {
			isa = PBXNativeTarget;
			buildConfigurationList = 3E57BA081E70163F004A4CD3 /* Build configuration list for PBXNativeTarget "TvTime" */;
			buildPhases = (
				73F00813CE5991D8A54D8F1D /* [CP] Check Pods Manifest.lock */,
				3E57B9F21E70163F004A4CD3 /* Sources */,
				3E57B9F31E70163F004A4CD3 /* Frameworks */,
				3E57B9F41E70163F004A4CD3 /* Resources */,
				D7C08BA34832424FEFF5A21E /* [CP] Embed Pods Frameworks */,
				ADB535C8B1CCACA65D7CA350 /* [CP] Copy Pods Resources */,
			);
			buildRules = (
			);
			dependencies = (
			);
			name = TvTime;
			productName = TvTime;
			productReference = 3E57B9F61E70163F004A4CD3 /* TvTime.app */;
			productType = "com.apple.product-type.application";
		};
/* End PBXNativeTarget section */

/* Begin PBXProject section */
		3E57B9EE1E70163F004A4CD3 /* Project object */ = {
			isa = PBXProject;
			attributes = {
				LastSwiftUpdateCheck = 0820;
				LastUpgradeCheck = 0820;
				ORGANIZATIONNAME = Nineish;
				TargetAttributes = {
					3E57B9F51E70163F004A4CD3 = {
						CreatedOnToolsVersion = 8.2.1;
						DevelopmentTeam = 9BSYUAQ55P;
						ProvisioningStyle = Automatic;
					};
				};
			};
			buildConfigurationList = 3E57B9F11E70163F004A4CD3 /* Build configuration list for PBXProject "TvTime" */;
			compatibilityVersion = "Xcode 3.2";
			developmentRegion = English;
			hasScannedForEncodings = 0;
			knownRegions = (
				en,
				Base,
			);
			mainGroup = 3E57B9ED1E70163F004A4CD3;
			productRefGroup = 3E57B9F71E70163F004A4CD3 /* Products */;
			projectDirPath = "";
			projectRoot = "";
			targets = (
				3E57B9F51E70163F004A4CD3 /* TvTime */,
			);
		};
/* End PBXProject section */

/* Begin PBXResourcesBuildPhase section */
		3E57B9F41E70163F004A4CD3 /* Resources */ = {
			isa = PBXResourcesBuildPhase;
			buildActionMask = 2147483647;
			files = (
				3E57BA041E70163F004A4CD3 /* LaunchScreen.storyboard in Resources */,
				3E57BA011E70163F004A4CD3 /* Assets.xcassets in Resources */,
			);
			runOnlyForDeploymentPostprocessing = 0;
		};
/* End PBXResourcesBuildPhase section */

/* Begin PBXShellScriptBuildPhase section */
		73F00813CE5991D8A54D8F1D /* [CP] Check Pods Manifest.lock */ = {
			isa = PBXShellScriptBuildPhase;
			buildActionMask = 2147483647;
			files = (
			);
			inputPaths = (
			);
			name = "[CP] Check Pods Manifest.lock";
			outputPaths = (
			);
			runOnlyForDeploymentPostprocessing = 0;
			shellPath = /bin/sh;
			shellScript = "diff \"${PODS_ROOT}/../Podfile.lock\" \"${PODS_ROOT}/Manifest.lock\" > /dev/null\nif [ $? != 0 ] ; then\n    # print error to STDERR\n    echo \"error: The sandbox is not in sync with the Podfile.lock. Run 'pod install' or update your CocoaPods installation.\" >&2\n    exit 1\nfi\n";
			showEnvVarsInLog = 0;
		};
		ADB535C8B1CCACA65D7CA350 /* [CP] Copy Pods Resources */ = {
			isa = PBXShellScriptBuildPhase;
			buildActionMask = 2147483647;
			files = (
			);
			inputPaths = (
			);
			name = "[CP] Copy Pods Resources";
			outputPaths = (
			);
			runOnlyForDeploymentPostprocessing = 0;
			shellPath = /bin/sh;
			shellScript = "\"${SRCROOT}/Pods/Target Support Files/Pods-TvTime/Pods-TvTime-resources.sh\"\n";
			showEnvVarsInLog = 0;
		};
		D7C08BA34832424FEFF5A21E /* [CP] Embed Pods Frameworks */ = {
			isa = PBXShellScriptBuildPhase;
			buildActionMask = 2147483647;
			files = (
			);
			inputPaths = (
			);
			name = "[CP] Embed Pods Frameworks";
			outputPaths = (
			);
			runOnlyForDeploymentPostprocessing = 0;
			shellPath = /bin/sh;
			shellScript = "\"${SRCROOT}/Pods/Target Support Files/Pods-TvTime/Pods-TvTime-frameworks.sh\"\n";
			showEnvVarsInLog = 0;
		};
/* End PBXShellScriptBuildPhase section */

/* Begin PBXSourcesBuildPhase section */
		3E57B9F21E70163F004A4CD3 /* Sources */ = {
			isa = PBXSourcesBuildPhase;
			buildActionMask = 2147483647;
			files = (
				3E57FD931E70794D00F9BA8A /* TvShow.swift in Sources */,
				3EC214F91E71468200433E9D /* FavoritesViewController.swift in Sources */,
				3EACB1431E71477E00C5AFA9 /* ScheduleViewController.swift in Sources */,
				3EACB1491E71591800C5AFA9 /* ItemTableViewCell.swift in Sources */,
				3E1C8F4E1E705C2D00832E33 /* UIView+Constraints.swift in Sources */,
				3EACB1481E71591800C5AFA9 /* FeedViewController.swift in Sources */,
				3EACB1471E71591800C5AFA9 /* FeedItemsDataSource.swift in Sources */,
				3E57B9FA1E70163F004A4CD3 /* AppDelegate.swift in Sources */,
				3E57BA121E7021F1004A4CD3 /* Constants.swift in Sources */,
			);
			runOnlyForDeploymentPostprocessing = 0;
		};
/* End PBXSourcesBuildPhase section */

/* Begin PBXVariantGroup section */
		3E57BA021E70163F004A4CD3 /* LaunchScreen.storyboard */ = {
			isa = PBXVariantGroup;
			children = (
				3E57BA031E70163F004A4CD3 /* Base */,
			);
			name = LaunchScreen.storyboard;
			sourceTree = "<group>";
		};
/* End PBXVariantGroup section */

/* Begin XCBuildConfiguration section */
		3E57BA061E70163F004A4CD3 /* Debug */ = {
			isa = XCBuildConfiguration;
			buildSettings = {
				ALWAYS_SEARCH_USER_PATHS = NO;
				CLANG_ANALYZER_NONNULL = YES;
				CLANG_CXX_LANGUAGE_STANDARD = "gnu++0x";
				CLANG_CXX_LIBRARY = "libc++";
				CLANG_ENABLE_MODULES = YES;
				CLANG_ENABLE_OBJC_ARC = YES;
				CLANG_WARN_BOOL_CONVERSION = YES;
				CLANG_WARN_CONSTANT_CONVERSION = YES;
				CLANG_WARN_DIRECT_OBJC_ISA_USAGE = YES_ERROR;
				CLANG_WARN_DOCUMENTATION_COMMENTS = YES;
				CLANG_WARN_EMPTY_BODY = YES;
				CLANG_WARN_ENUM_CONVERSION = YES;
				CLANG_WARN_INFINITE_RECURSION = YES;
				CLANG_WARN_INT_CONVERSION = YES;
				CLANG_WARN_OBJC_ROOT_CLASS = YES_ERROR;
				CLANG_WARN_SUSPICIOUS_MOVE = YES;
				CLANG_WARN_UNREACHABLE_CODE = YES;
				CLANG_WARN__DUPLICATE_METHOD_MATCH = YES;
				"CODE_SIGN_IDENTITY[sdk=iphoneos*]" = "iPhone Developer";
				COPY_PHASE_STRIP = NO;
				DEBUG_INFORMATION_FORMAT = dwarf;
				ENABLE_STRICT_OBJC_MSGSEND = YES;
				ENABLE_TESTABILITY = YES;
				GCC_C_LANGUAGE_STANDARD = gnu99;
				GCC_DYNAMIC_NO_PIC = NO;
				GCC_NO_COMMON_BLOCKS = YES;
				GCC_OPTIMIZATION_LEVEL = 0;
				GCC_PREPROCESSOR_DEFINITIONS = (
					"DEBUG=1",
					"$(inherited)",
				);
				GCC_WARN_64_TO_32_BIT_CONVERSION = YES;
				GCC_WARN_ABOUT_RETURN_TYPE = YES_ERROR;
				GCC_WARN_UNDECLARED_SELECTOR = YES;
				GCC_WARN_UNINITIALIZED_AUTOS = YES_AGGRESSIVE;
				GCC_WARN_UNUSED_FUNCTION = YES;
				GCC_WARN_UNUSED_VARIABLE = YES;
				IPHONEOS_DEPLOYMENT_TARGET = 10.2;
				MTL_ENABLE_DEBUG_INFO = YES;
				ONLY_ACTIVE_ARCH = YES;
				SDKROOT = iphoneos;
				SWIFT_ACTIVE_COMPILATION_CONDITIONS = DEBUG;
				SWIFT_OPTIMIZATION_LEVEL = "-Onone";
			};
			name = Debug;
		};
		3E57BA071E70163F004A4CD3 /* Release */ = {
			isa = XCBuildConfiguration;
			buildSettings = {
				ALWAYS_SEARCH_USER_PATHS = NO;
				CLANG_ANALYZER_NONNULL = YES;
				CLANG_CXX_LANGUAGE_STANDARD = "gnu++0x";
				CLANG_CXX_LIBRARY = "libc++";
				CLANG_ENABLE_MODULES = YES;
				CLANG_ENABLE_OBJC_ARC = YES;
				CLANG_WARN_BOOL_CONVERSION = YES;
				CLANG_WARN_CONSTANT_CONVERSION = YES;
				CLANG_WARN_DIRECT_OBJC_ISA_USAGE = YES_ERROR;
				CLANG_WARN_DOCUMENTATION_COMMENTS = YES;
				CLANG_WARN_EMPTY_BODY = YES;
				CLANG_WARN_ENUM_CONVERSION = YES;
				CLANG_WARN_INFINITE_RECURSION = YES;
				CLANG_WARN_INT_CONVERSION = YES;
				CLANG_WARN_OBJC_ROOT_CLASS = YES_ERROR;
				CLANG_WARN_SUSPICIOUS_MOVE = YES;
				CLANG_WARN_UNREACHABLE_CODE = YES;
				CLANG_WARN__DUPLICATE_METHOD_MATCH = YES;
				"CODE_SIGN_IDENTITY[sdk=iphoneos*]" = "iPhone Developer";
				COPY_PHASE_STRIP = NO;
				DEBUG_INFORMATION_FORMAT = "dwarf-with-dsym";
				ENABLE_NS_ASSERTIONS = NO;
				ENABLE_STRICT_OBJC_MSGSEND = YES;
				GCC_C_LANGUAGE_STANDARD = gnu99;
				GCC_NO_COMMON_BLOCKS = YES;
				GCC_WARN_64_TO_32_BIT_CONVERSION = YES;
				GCC_WARN_ABOUT_RETURN_TYPE = YES_ERROR;
				GCC_WARN_UNDECLARED_SELECTOR = YES;
				GCC_WARN_UNINITIALIZED_AUTOS = YES_AGGRESSIVE;
				GCC_WARN_UNUSED_FUNCTION = YES;
				GCC_WARN_UNUSED_VARIABLE = YES;
				IPHONEOS_DEPLOYMENT_TARGET = 10.2;
				MTL_ENABLE_DEBUG_INFO = NO;
				SDKROOT = iphoneos;
				SWIFT_OPTIMIZATION_LEVEL = "-Owholemodule";
				VALIDATE_PRODUCT = YES;
			};
			name = Release;
		};
		3E57BA091E70163F004A4CD3 /* Debug */ = {
			isa = XCBuildConfiguration;
			baseConfigurationReference = 3B1961EEFBC12401BDB4BBE4 /* Pods-TvTime.debug.xcconfig */;
			buildSettings = {
				ASSETCATALOG_COMPILER_APPICON_NAME = AppIcon;
				DEVELOPMENT_TEAM = 9BSYUAQ55P;
				INFOPLIST_FILE = TvTime/Info.plist;
				IPHONEOS_DEPLOYMENT_TARGET = 9.0;
				LD_RUNPATH_SEARCH_PATHS = "$(inherited) @executable_path/Frameworks";
				PRODUCT_BUNDLE_IDENTIFIER = com.nineish.TvTime;
				PRODUCT_NAME = "$(TARGET_NAME)";
				SWIFT_VERSION = 3.0;
				TARGETED_DEVICE_FAMILY = 1;
			};
			name = Debug;
		};
		3E57BA0A1E70163F004A4CD3 /* Release */ = {
			isa = XCBuildConfiguration;
			baseConfigurationReference = B388DDCFB2277A2726D63F29 /* Pods-TvTime.release.xcconfig */;
			buildSettings = {
				ASSETCATALOG_COMPILER_APPICON_NAME = AppIcon;
				DEVELOPMENT_TEAM = 9BSYUAQ55P;
				INFOPLIST_FILE = TvTime/Info.plist;
				IPHONEOS_DEPLOYMENT_TARGET = 9.0;
				LD_RUNPATH_SEARCH_PATHS = "$(inherited) @executable_path/Frameworks";
				PRODUCT_BUNDLE_IDENTIFIER = com.nineish.TvTime;
				PRODUCT_NAME = "$(TARGET_NAME)";
				SWIFT_VERSION = 3.0;
				TARGETED_DEVICE_FAMILY = 1;
			};
			name = Release;
		};
/* End XCBuildConfiguration section */

/* Begin XCConfigurationList section */
		3E57B9F11E70163F004A4CD3 /* Build configuration list for PBXProject "TvTime" */ = {
			isa = XCConfigurationList;
			buildConfigurations = (
				3E57BA061E70163F004A4CD3 /* Debug */,
				3E57BA071E70163F004A4CD3 /* Release */,
			);
			defaultConfigurationIsVisible = 0;
			defaultConfigurationName = Release;
		};
		3E57BA081E70163F004A4CD3 /* Build configuration list for PBXNativeTarget "TvTime" */ = {
			isa = XCConfigurationList;
			buildConfigurations = (
				3E57BA091E70163F004A4CD3 /* Debug */,
				3E57BA0A1E70163F004A4CD3 /* Release */,
			);
			defaultConfigurationIsVisible = 0;
			defaultConfigurationName = Release;
		};
/* End XCConfigurationList section */
	};
	rootObject = 3E57B9EE1E70163F004A4CD3 /* Project object */;
}
